{
	"name": "@workerhive/flow-provider",
	"version": "2.1.1",
	"lockfileVersion": 1,
	"requires": true,
	"dependencies": {
		"@ardatan/aggregate-error": {
			"version": "0.0.6",
			"resolved": "https://registry.npmjs.org/@ardatan/aggregate-error/-/aggregate-error-0.0.6.tgz",
			"integrity": "sha512-vyrkEHG1jrukmzTPtyWB4NLPauUw5bQeg4uhn8f+1SSynmrOcyvlb1GKQjjgoBzElLdfXCRYX8UnBlhklOHYRQ==",
			"requires": {
				"tslib": "~2.0.1"
			}
		},
		"@graphql-tools/merge": {
			"version": "6.2.6",
			"resolved": "https://registry.npmjs.org/@graphql-tools/merge/-/merge-6.2.6.tgz",
			"integrity": "sha512-G6x0QlIzFHoJ3dyF9a4gxmBtaEYJ+EoAAGqXHsE/drRr58K1jscQdfKZdF1wZWZgxkgakHqgt1+oFMeQg/O6ug==",
			"requires": {
				"@graphql-tools/schema": "^7.0.0",
				"@graphql-tools/utils": "^7.0.0",
				"tslib": "~2.0.1"
			}
		},
		"@graphql-tools/schema": {
			"version": "7.1.2",
			"resolved": "https://registry.npmjs.org/@graphql-tools/schema/-/schema-7.1.2.tgz",
			"integrity": "sha512-GabNT51ErVHE2riDH4EQdRusUsI+nMElT8LdFHyuP53v8gwtleAj+LePQ9jif4NYUe/JQVqO8V28vPcHrA7gfQ==",
			"requires": {
				"@graphql-tools/utils": "^7.1.2",
				"tslib": "~2.0.1"
			}
		},
		"@graphql-tools/utils": {
			"version": "7.5.0",
			"resolved": "https://registry.npmjs.org/@graphql-tools/utils/-/utils-7.5.0.tgz",
			"integrity": "sha512-8f//RSqHmKRdg9A3GHlZdxzlVfF/938ZD9edXLW7EriSABg1BXu3veru9W02VqORypArb2S/Tyeyvsk2gForqA==",
			"requires": {
				"@ardatan/aggregate-error": "0.0.6",
				"camel-case": "4.1.2",
				"tslib": "~2.1.0"
			},
			"dependencies": {
				"tslib": {
					"version": "2.1.0",
					"resolved": "https://registry.npmjs.org/tslib/-/tslib-2.1.0.tgz",
					"integrity": "sha512-hcVC3wYEziELGGmEEXue7D75zbwIIVUMWAVbHItGPx0ziyXxrOMQx4rQEVEV45Ut/1IotuEvwqPopzIOkDMf0A=="
				}
			}
		},
		"@types/bson": {
			"version": "4.0.3",
			"resolved": "https://registry.npmjs.org/@types/bson/-/bson-4.0.3.tgz",
			"integrity": "sha512-mVRvYnTOZJz3ccpxhr3wgxVmSeiYinW+zlzQz3SXWaJmD1DuL05Jeq7nKw3SnbKmbleW5qrLG5vdyWe/A9sXhw==",
			"requires": {
				"@types/node": "*"
			}
		},
		"@types/mongodb": {
			"version": "3.6.3",
			"resolved": "https://registry.npmjs.org/@types/mongodb/-/mongodb-3.6.3.tgz",
			"integrity": "sha512-6YNqGP1hk5bjUFaim+QoFFuI61WjHiHE1BNeB41TA00Xd2K7zG4lcWyLLq/XtIp36uMavvS5hoAUJ+1u/GcX2Q==",
			"requires": {
				"@types/bson": "*",
				"@types/node": "*"
			}
		},
		"@types/node": {
			"version": "14.14.31",
			"resolved": "https://registry.npmjs.org/@types/node/-/node-14.14.31.tgz",
			"integrity": "sha512-vFHy/ezP5qI0rFgJ7aQnjDXwAMrG0KqqIH7tQG5PPv3BWBayOPIQNBjVc/P6hhdZfMx51REc6tfDNXHUio893g=="
		},
		"camel-case": {
			"version": "4.1.2",
			"resolved": "https://registry.npmjs.org/camel-case/-/camel-case-4.1.2.tgz",
			"integrity": "sha512-gxGWBrTT1JuMx6R+o5PTXMmUnhnVzLQ9SNutD4YqKtI6ap897t3tKECYla6gCWEkplXnlNybEkZg9GEGxKFCgw==",
			"requires": {
				"pascal-case": "^3.1.2",
				"tslib": "^2.0.3"
			}
		},
		"file-extension": {
			"version": "4.0.5",
			"resolved": "https://registry.npmjs.org/file-extension/-/file-extension-4.0.5.tgz",
			"integrity": "sha512-l0rOL3aKkoi6ea7MNZe6OHgqYYpn48Qfflr8Pe9G9JPPTx5A+sfboK91ZufzIs59/lPqh351l0eb6iKU9J5oGg=="
		},
		"graphql-type-json": {
			"version": "0.3.2",
			"resolved": "https://registry.npmjs.org/graphql-type-json/-/graphql-type-json-0.3.2.tgz",
			"integrity": "sha512-J+vjof74oMlCWXSvt0DOf2APEdZOCdubEvGDUAlqH//VBYcOYsGgRW7Xzorr44LvkjiuvecWc8fChxuZZbChtg=="
		},
		"isomorphic.js": {
			"version": "0.2.2",
			"resolved": "https://registry.npmjs.org/isomorphic.js/-/isomorphic.js-0.2.2.tgz",
			"integrity": "sha512-tWhdHK5vam77zCkNKjpI8vWSrcVmlBeJIlxXgTiGaapgifQr0CfLHuPqMiZhjrI/K71X/aXaJZqUbkHZzg06Hg=="
		},
		"lib0": {
			"version": "0.2.40",
			"resolved": "https://registry.npmjs.org/lib0/-/lib0-0.2.40.tgz",
			"integrity": "sha512-bKJxwll8MdwTTL3Siut6L+FjyF5sewXRE7noDTsRquEYy3Xi1UjtdEMZu46iuTvw9nQ/9p+gKkh1GxL2Kdaphw==",
			"requires": {
				"isomorphic.js": "^0.2.2"
			}
		},
		"lodash": {
			"version": "4.17.20",
			"resolved": "https://registry.npmjs.org/lodash/-/lodash-4.17.20.tgz",
			"integrity": "sha512-PlhdFcillOINfeV7Ni6oF1TAEayyZBoZ8bcshTHqOYJYlrqzRK5hagpagky5o4HfCzzd1TRkXPMFq6cKk9rGmA=="
		},
		"lower-case": {
			"version": "2.0.2",
			"resolved": "https://registry.npmjs.org/lower-case/-/lower-case-2.0.2.tgz",
			"integrity": "sha512-7fm3l3NAF9WfN6W3JOmf5drwpVqX78JtoGJ3A6W0a6ZnldM41w2fV5D490psKFTpMds8TJse/eHLFFsNHHjHgg==",
			"requires": {
				"tslib": "^2.0.3"
			}
		},
		"no-case": {
			"version": "3.0.4",
			"resolved": "https://registry.npmjs.org/no-case/-/no-case-3.0.4.tgz",
			"integrity": "sha512-fgAN3jGAh+RoxUGZHTSOLJIqUc2wmoBwGR4tbpNAKmmovFoWq0OdRkb0VkldReO2a2iBT/OEulG9XSUc10r3zg==",
			"requires": {
				"lower-case": "^2.0.2",
				"tslib": "^2.0.3"
			}
		},
		"pascal-case": {
			"version": "3.1.2",
			"resolved": "https://registry.npmjs.org/pascal-case/-/pascal-case-3.1.2.tgz",
			"integrity": "sha512-uWlGT3YSnK9x3BQJaOdcZwrnV6hPpd8jFH1/ucpiLRPh/2zCVJKS19E4GvYHvaCcACn3foXZ0cLB9Wrx1KGe5g==",
			"requires": {
				"no-case": "^3.0.4",
				"tslib": "^2.0.3"
			}
		},
		"tslib": {
			"version": "2.0.3",
			"resolved": "https://registry.npmjs.org/tslib/-/tslib-2.0.3.tgz",
			"integrity": "sha512-uZtkfKblCEQtZKBF6EBXVZeQNl82yqtDQdv+eck8u7tdPxjLu2/lp5/uPW+um2tpuxINHWy3GhiccY7QgEaVHQ=="
		},
		"y-indexeddb": {
			"version": "9.0.6",
			"resolved": "https://registry.npmjs.org/y-indexeddb/-/y-indexeddb-9.0.6.tgz",
			"integrity": "sha512-8mdCYdzZDWS2lGiB9Reaz67ZqvnV6EXH/F7L+TmBC+3mWjIBrPw4UcI79nOhEOh+y9lHXzNpSda4YJ06M13F1A==",
			"requires": {
				"lib0": "^0.2.35"
			}
		}
	}
}
