{
	"name": "@workerhive/ipfs",
	"version": "2.1.1",
	"lockfileVersion": 1,
	"requires": true,
	"dependencies": {
		"isomorphic.js": {
			"version": "0.2.2",
			"resolved": "https://registry.npmjs.org/isomorphic.js/-/isomorphic.js-0.2.2.tgz",
			"integrity": "sha512-tWhdHK5vam77zCkNKjpI8vWSrcVmlBeJIlxXgTiGaapgifQr0CfLHuPqMiZhjrI/K71X/aXaJZqUbkHZzg06Hg=="
		},
		"lib0": {
			"version": "0.2.40",
			"resolved": "https://registry.npmjs.org/lib0/-/lib0-0.2.40.tgz",
			"integrity": "sha512-bKJxwll8MdwTTL3Siut6L+FjyF5sewXRE7noDTsRquEYy3Xi1UjtdEMZu46iuTvw9nQ/9p+gKkh1GxL2Kdaphw==",
			"requires": {
				"isomorphic.js": "^0.2.2"
			}
		},
		"uint8-to-base64": {
			"version": "0.2.0",
			"resolved": "https://registry.npmjs.org/uint8-to-base64/-/uint8-to-base64-0.2.0.tgz",
			"integrity": "sha512-r13jrghEYZAN99GeYpEjM107DOxqB65enskpwce8rRHVAGEtaWmsF5GqoGdPMf8DIXc9XyAJTdvlvRZi4LsszA=="
		},
		"uuid": {
			"version": "8.3.2",
			"resolved": "https://registry.npmjs.org/uuid/-/uuid-8.3.2.tgz",
			"integrity": "sha512-+NYs2QeMWy+GWFOEm9xnn6HCDp0l7QBD7ml8zLUmJ+93Q5NF0NocErnwkTkXVFNiX3/fpC6afS8Dhb/gz7R7eg=="
		},
		"y-indexeddb": {
			"version": "9.0.6",
			"resolved": "https://registry.npmjs.org/y-indexeddb/-/y-indexeddb-9.0.6.tgz",
			"integrity": "sha512-8mdCYdzZDWS2lGiB9Reaz67ZqvnV6EXH/F7L+TmBC+3mWjIBrPw4UcI79nOhEOh+y9lHXzNpSda4YJ06M13F1A==",
			"requires": {
				"lib0": "^0.2.35"
			}
		}
	}
}
